// !$*UTF8*$!
{
	archiveVersion = 1;
	classes = {
	};
	objectVersion = 50;
	objects = {

/* Begin PBXBuildFile section */
		AA369075211ADDAB00040CA1 /* AppDelegate.swift in Sources */ = {isa = PBXBuildFile; fileRef = AA369074211ADDAB00040CA1 /* AppDelegate.swift */; };
		AA369077211ADDAB00040CA1 /* ViewController.swift in Sources */ = {isa = PBXBuildFile; fileRef = AA369076211ADDAB00040CA1 /* ViewController.swift */; };
		AA36907A211ADDAB00040CA1 /* Main.storyboard in Resources */ = {isa = PBXBuildFile; fileRef = AA369078211ADDAB00040CA1 /* Main.storyboard */; };
		AA36907C211ADDAE00040CA1 /* Assets.xcassets in Resources */ = {isa = PBXBuildFile; fileRef = AA36907B211ADDAE00040CA1 /* Assets.xcassets */; };
		AA36907F211ADDAE00040CA1 /* LaunchScreen.storyboard in Resources */ = {isa = PBXBuildFile; fileRef = AA36907D211ADDAE00040CA1 /* LaunchScreen.storyboard */; };
		AAA2AAC321B95D7700D603DF /* VideoPlayer.swift in Sources */ = {isa = PBXBuildFile; fileRef = AAA2AAC221B95D7700D603DF /* VideoPlayer.swift */; };
		AABC7CE922D0763600B06C5A /* CacheError.swift in Sources */ = {isa = PBXBuildFile; fileRef = AABC7CE822D0763600B06C5A /* CacheError.swift */; };
		AABC7CEB22D3240F00B06C5A /* Const.swift in Sources */ = {isa = PBXBuildFile; fileRef = AABC7CEA22D3240F00B06C5A /* Const.swift */; };
		AAD754B122BB279F0079C440 /* ResourceLoaderManager.swift in Sources */ = {isa = PBXBuildFile; fileRef = AAD754AD22BB279E0079C440 /* ResourceLoaderManager.swift */; };
		AAD754B222BB279F0079C440 /* RangedRequest.swift in Sources */ = {isa = PBXBuildFile; fileRef = AAD754AE22BB279E0079C440 /* RangedRequest.swift */; };
		AAD754B322BB279F0079C440 /* ResourceLoadTask.swift in Sources */ = {isa = PBXBuildFile; fileRef = AAD754AF22BB279E0079C440 /* ResourceLoadTask.swift */; };
		AAD754B422BB279F0079C440 /* CacheFile.swift in Sources */ = {isa = PBXBuildFile; fileRef = AAD754B022BB279F0079C440 /* CacheFile.swift */; };
		AAF02C19211D81C500861085 /* ResourceLoadingRequest.swift in Sources */ = {isa = PBXBuildFile; fileRef = AAF02C18211D81C500861085 /* ResourceLoadingRequest.swift */; };
		AAF02C1B211D83B200861085 /* AudioNetManager.swift in Sources */ = {isa = PBXBuildFile; fileRef = AAF02C1A211D83B200861085 /* AudioNetManager.swift */; };
		F0C1D9FF1102460BE77D1727 /* libPods-VideoPlayer.a in Frameworks */ = {isa = PBXBuildFile; fileRef = 08E71732B55D6A9EADBA803A /* libPods-VideoPlayer.a */; };
/* End PBXBuildFile section */

/* Begin PBXFileReference section */
		08E71732B55D6A9EADBA803A /* libPods-VideoPlayer.a */ = {isa = PBXFileReference; explicitFileType = archive.ar; includeInIndex = 0; path = "libPods-VideoPlayer.a"; sourceTree = BUILT_PRODUCTS_DIR; };
		0E07D127F14D4DF9FDB3FBAD /* Pods-VideoPlayer.debug.xcconfig */ = {isa = PBXFileReference; includeInIndex = 1; lastKnownFileType = text.xcconfig; name = "Pods-VideoPlayer.debug.xcconfig"; path = "Pods/Target Support Files/Pods-VideoPlayer/Pods-VideoPlayer.debug.xcconfig"; sourceTree = "<group>"; };
		565F467E94E0419552C2CC22 /* Pods-VideoPlayer.release.xcconfig */ = {isa = PBXFileReference; includeInIndex = 1; lastKnownFileType = text.xcconfig; name = "Pods-VideoPlayer.release.xcconfig"; path = "Pods/Target Support Files/Pods-VideoPlayer/Pods-VideoPlayer.release.xcconfig"; sourceTree = "<group>"; };
		AA369071211ADDAB00040CA1 /* VideoPlayer.app */ = {isa = PBXFileReference; explicitFileType = wrapper.application; includeInIndex = 0; path = VideoPlayer.app; sourceTree = BUILT_PRODUCTS_DIR; };
		AA369074211ADDAB00040CA1 /* AppDelegate.swift */ = {isa = PBXFileReference; lastKnownFileType = sourcecode.swift; path = AppDelegate.swift; sourceTree = "<group>"; };
		AA369076211ADDAB00040CA1 /* ViewController.swift */ = {isa = PBXFileReference; lastKnownFileType = sourcecode.swift; path = ViewController.swift; sourceTree = "<group>"; };
		AA369079211ADDAB00040CA1 /* Base */ = {isa = PBXFileReference; lastKnownFileType = file.storyboard; name = Base; path = Base.lproj/Main.storyboard; sourceTree = "<group>"; };
		AA36907B211ADDAE00040CA1 /* Assets.xcassets */ = {isa = PBXFileReference; lastKnownFileType = folder.assetcatalog; path = Assets.xcassets; sourceTree = "<group>"; };
		AA36907E211ADDAE00040CA1 /* Base */ = {isa = PBXFileReference; lastKnownFileType = file.storyboard; name = Base; path = Base.lproj/LaunchScreen.storyboard; sourceTree = "<group>"; };
		AA369080211ADDAE00040CA1 /* Info.plist */ = {isa = PBXFileReference; lastKnownFileType = text.plist.xml; path = Info.plist; sourceTree = "<group>"; };
		AA369086211BDF2C00040CA1 /* bridge.h */ = {isa = PBXFileReference; lastKnownFileType = sourcecode.c.h; path = bridge.h; sourceTree = "<group>"; };
		AAA2AAC221B95D7700D603DF /* VideoPlayer.swift */ = {isa = PBXFileReference; fileEncoding = 4; lastKnownFileType = sourcecode.swift; path = VideoPlayer.swift; sourceTree = "<group>"; };
		AABC7CE822D0763600B06C5A /* CacheError.swift */ = {isa = PBXFileReference; lastKnownFileType = sourcecode.swift; path = CacheError.swift; sourceTree = "<group>"; };
		AABC7CEA22D3240F00B06C5A /* Const.swift */ = {isa = PBXFileReference; lastKnownFileType = sourcecode.swift; path = Const.swift; sourceTree = "<group>"; };
		AAD754AD22BB279E0079C440 /* ResourceLoaderManager.swift */ = {isa = PBXFileReference; fileEncoding = 4; lastKnownFileType = sourcecode.swift; path = ResourceLoaderManager.swift; sourceTree = "<group>"; };
		AAD754AE22BB279E0079C440 /* RangedRequest.swift */ = {isa = PBXFileReference; fileEncoding = 4; lastKnownFileType = sourcecode.swift; path = RangedRequest.swift; sourceTree = "<group>"; };
		AAD754AF22BB279E0079C440 /* ResourceLoadTask.swift */ = {isa = PBXFileReference; fileEncoding = 4; lastKnownFileType = sourcecode.swift; path = ResourceLoadTask.swift; sourceTree = "<group>"; };
		AAD754B022BB279F0079C440 /* CacheFile.swift */ = {isa = PBXFileReference; fileEncoding = 4; lastKnownFileType = sourcecode.swift; path = CacheFile.swift; sourceTree = "<group>"; };
		AAF02C18211D81C500861085 /* ResourceLoadingRequest.swift */ = {isa = PBXFileReference; lastKnownFileType = sourcecode.swift; path = ResourceLoadingRequest.swift; sourceTree = "<group>"; };
		AAF02C1A211D83B200861085 /* AudioNetManager.swift */ = {isa = PBXFileReference; lastKnownFileType = sourcecode.swift; path = AudioNetManager.swift; sourceTree = "<group>"; };
/* End PBXFileReference section */

/* Begin PBXFrameworksBuildPhase section */
		AA36906E211ADDAB00040CA1 /* Frameworks */ = {
			isa = PBXFrameworksBuildPhase;
			buildActionMask = 2147483647;
			files = (
				F0C1D9FF1102460BE77D1727 /* libPods-VideoPlayer.a in Frameworks */,
			);
			runOnlyForDeploymentPostprocessing = 0;
		};
/* End PBXFrameworksBuildPhase section */

/* Begin PBXGroup section */
		211B223ED12CBB87FCB7BBB1 /* Frameworks */ = {
			isa = PBXGroup;
			children = (
				08E71732B55D6A9EADBA803A /* libPods-VideoPlayer.a */,
			);
			name = Frameworks;
			sourceTree = "<group>";
		};
		99D12A527C7468BCDE8387E1 /* Pods */ = {
			isa = PBXGroup;
			children = (
				0E07D127F14D4DF9FDB3FBAD /* Pods-VideoPlayer.debug.xcconfig */,
				565F467E94E0419552C2CC22 /* Pods-VideoPlayer.release.xcconfig */,
			);
			name = Pods;
			sourceTree = "<group>";
		};
		AA369068211ADDAB00040CA1 = {
			isa = PBXGroup;
			children = (
				AA369073211ADDAB00040CA1 /* VideoPlayer */,
				AA369072211ADDAB00040CA1 /* Products */,
				99D12A527C7468BCDE8387E1 /* Pods */,
				211B223ED12CBB87FCB7BBB1 /* Frameworks */,
			);
			sourceTree = "<group>";
		};
		AA369072211ADDAB00040CA1 /* Products */ = {
			isa = PBXGroup;
			children = (
				AA369071211ADDAB00040CA1 /* VideoPlayer.app */,
			);
			name = Products;
			sourceTree = "<group>";
		};
		AA369073211ADDAB00040CA1 /* VideoPlayer */ = {
			isa = PBXGroup;
			children = (
				AAD754AC22BB278F0079C440 /* Cache */,
				AAF02C17211D817700861085 /* AudioNet */,
				AA369074211ADDAB00040CA1 /* AppDelegate.swift */,
				AAA2AAC221B95D7700D603DF /* VideoPlayer.swift */,
				AA369076211ADDAB00040CA1 /* ViewController.swift */,
				AA369078211ADDAB00040CA1 /* Main.storyboard */,
				AA36907B211ADDAE00040CA1 /* Assets.xcassets */,
				AA36907D211ADDAE00040CA1 /* LaunchScreen.storyboard */,
				AA369080211ADDAE00040CA1 /* Info.plist */,
				AA369086211BDF2C00040CA1 /* bridge.h */,
			);
			path = VideoPlayer;
			sourceTree = "<group>";
		};
		AAD754AC22BB278F0079C440 /* Cache */ = {
			isa = PBXGroup;
			children = (
				AAD754B022BB279F0079C440 /* CacheFile.swift */,
				AAD754AE22BB279E0079C440 /* RangedRequest.swift */,
				AAD754AD22BB279E0079C440 /* ResourceLoaderManager.swift */,
				AAD754AF22BB279E0079C440 /* ResourceLoadTask.swift */,
				AABC7CE822D0763600B06C5A /* CacheError.swift */,
				AABC7CEA22D3240F00B06C5A /* Const.swift */,
			);
			path = Cache;
			sourceTree = "<group>";
		};
		AAF02C17211D817700861085 /* AudioNet */ = {
			isa = PBXGroup;
			children = (
				AAF02C18211D81C500861085 /* ResourceLoadingRequest.swift */,
				AAF02C1A211D83B200861085 /* AudioNetManager.swift */,
			);
			path = AudioNet;
			sourceTree = "<group>";
		};
/* End PBXGroup section */

/* Begin PBXNativeTarget section */
		AA369070211ADDAB00040CA1 /* VideoPlayer */ = {
			isa = PBXNativeTarget;
			buildConfigurationList = AA369083211ADDAE00040CA1 /* Build configuration list for PBXNativeTarget "VideoPlayer" */;
			buildPhases = (
				4FFBE82846444539D25EAC87 /* [CP] Check Pods Manifest.lock */,
				AA36906D211ADDAB00040CA1 /* Sources */,
				AA36906E211ADDAB00040CA1 /* Frameworks */,
				AA36906F211ADDAB00040CA1 /* Resources */,
			);
			buildRules = (
			);
			dependencies = (
			);
			name = VideoPlayer;
			productName = VideoPlayer;
			productReference = AA369071211ADDAB00040CA1 /* VideoPlayer.app */;
			productType = "com.apple.product-type.application";
		};
/* End PBXNativeTarget section */

/* Begin PBXProject section */
		AA369069211ADDAB00040CA1 /* Project object */ = {
			isa = PBXProject;
			attributes = {
				LastSwiftUpdateCheck = 0940;
				LastUpgradeCheck = 0940;
				ORGANIZATIONNAME = com.36kr;
				TargetAttributes = {
					AA369070211ADDAB00040CA1 = {
						CreatedOnToolsVersion = 9.4.1;
					};
				};
			};
			buildConfigurationList = AA36906C211ADDAB00040CA1 /* Build configuration list for PBXProject "VideoPlayer" */;
			compatibilityVersion = "Xcode 9.3";
			developmentRegion = en;
			hasScannedForEncodings = 0;
			knownRegions = (
				en,
				Base,
			);
			mainGroup = AA369068211ADDAB00040CA1;
			productRefGroup = AA369072211ADDAB00040CA1 /* Products */;
			projectDirPath = "";
			projectRoot = "";
			targets = (
				AA369070211ADDAB00040CA1 /* VideoPlayer */,
			);
		};
/* End PBXProject section */

/* Begin PBXResourcesBuildPhase section */
		AA36906F211ADDAB00040CA1 /* Resources */ = {
			isa = PBXResourcesBuildPhase;
			buildActionMask = 2147483647;
			files = (
				AA36907F211ADDAE00040CA1 /* LaunchScreen.storyboard in Resources */,
				AA36907C211ADDAE00040CA1 /* Assets.xcassets in Resources */,
				AA36907A211ADDAB00040CA1 /* Main.storyboard in Resources */,
			);
			runOnlyForDeploymentPostprocessing = 0;
		};
/* End PBXResourcesBuildPhase section */

/* Begin PBXShellScriptBuildPhase section */
		4FFBE82846444539D25EAC87 /* [CP] Check Pods Manifest.lock */ = {
			isa = PBXShellScriptBuildPhase;
			buildActionMask = 2147483647;
			files = (
			);
			inputPaths = (
				"${PODS_PODFILE_DIR_PATH}/Podfile.lock",
				"${PODS_ROOT}/Manifest.lock",
			);
			name = "[CP] Check Pods Manifest.lock";
			outputPaths = (
				"$(DERIVED_FILE_DIR)/Pods-VideoPlayer-checkManifestLockResult.txt",
			);
			runOnlyForDeploymentPostprocessing = 0;
			shellPath = /bin/sh;
			shellScript = "diff \"${PODS_PODFILE_DIR_PATH}/Podfile.lock\" \"${PODS_ROOT}/Manifest.lock\" > /dev/null\nif [ $? != 0 ] ; then\n    # print error to STDERR\n    echo \"error: The sandbox is not in sync with the Podfile.lock. Run 'pod install' or update your CocoaPods installation.\" >&2\n    exit 1\nfi\n# This output is used by Xcode 'outputs' to avoid re-running this script phase.\necho \"SUCCESS\" > \"${SCRIPT_OUTPUT_FILE_0}\"\n";
			showEnvVarsInLog = 0;
		};
/* End PBXShellScriptBuildPhase section */

/* Begin PBXSourcesBuildPhase section */
		AA36906D211ADDAB00040CA1 /* Sources */ = {
			isa = PBXSourcesBuildPhase;
			buildActionMask = 2147483647;
			files = (
				AA369077211ADDAB00040CA1 /* ViewController.swift in Sources */,
				AAA2AAC321B95D7700D603DF /* VideoPlayer.swift in Sources */,
				AAD754B122BB279F0079C440 /* ResourceLoaderManager.swift in Sources */,
				AABC7CE922D0763600B06C5A /* CacheError.swift in Sources */,
				AAD754B422BB279F0079C440 /* CacheFile.swift in Sources */,
				AA369075211ADDAB00040CA1 /* AppDelegate.swift in Sources */,
				AAD754B322BB279F0079C440 /* ResourceLoadTask.swift in Sources */,
				AAF02C19211D81C500861085 /* ResourceLoadingRequest.swift in Sources */,
				AAF02C1B211D83B200861085 /* AudioNetManager.swift in Sources */,
				AAD754B222BB279F0079C440 /* RangedRequest.swift in Sources */,
				AABC7CEB22D3240F00B06C5A /* Const.swift in Sources */,
			);
			runOnlyForDeploymentPostprocessing = 0;
		};
/* End PBXSourcesBuildPhase section */

/* Begin PBXVariantGroup section */
		AA369078211ADDAB00040CA1 /* Main.storyboard */ = {
			isa = PBXVariantGroup;
			children = (
				AA369079211ADDAB00040CA1 /* Base */,
			);
			name = Main.storyboard;
			sourceTree = "<group>";
		};
		AA36907D211ADDAE00040CA1 /* LaunchScreen.storyboard */ = {
			isa = PBXVariantGroup;
			children = (
				AA36907E211ADDAE00040CA1 /* Base */,
			);
			name = LaunchScreen.storyboard;
			sourceTree = "<group>";
		};
/* End PBXVariantGroup section */

/* Begin XCBuildConfiguration section */
		AA369081211ADDAE00040CA1 /* Debug */ = {
			isa = XCBuildConfiguration;
			buildSettings = {
				ALWAYS_SEARCH_USER_PATHS = NO;
				CLANG_ANALYZER_NONNULL = YES;
				CLANG_ANALYZER_NUMBER_OBJECT_CONVERSION = YES_AGGRESSIVE;
				CLANG_CXX_LANGUAGE_STANDARD = "gnu++14";
				CLANG_CXX_LIBRARY = "libc++";
				CLANG_ENABLE_MODULES = YES;
				CLANG_ENABLE_OBJC_ARC = YES;
				CLANG_ENABLE_OBJC_WEAK = YES;
				CLANG_WARN_BLOCK_CAPTURE_AUTORELEASING = YES;
				CLANG_WARN_BOOL_CONVERSION = YES;
				CLANG_WARN_COMMA = YES;
				CLANG_WARN_CONSTANT_CONVERSION = YES;
				CLANG_WARN_DEPRECATED_OBJC_IMPLEMENTATIONS = YES;
				CLANG_WARN_DIRECT_OBJC_ISA_USAGE = YES_ERROR;
				CLANG_WARN_DOCUMENTATION_COMMENTS = YES;
				CLANG_WARN_EMPTY_BODY = YES;
				CLANG_WARN_ENUM_CONVERSION = YES;
				CLANG_WARN_INFINITE_RECURSION = YES;
				CLANG_WARN_INT_CONVERSION = YES;
				CLANG_WARN_NON_LITERAL_NULL_CONVERSION = YES;
				CLANG_WARN_OBJC_IMPLICIT_RETAIN_SELF = YES;
				CLANG_WARN_OBJC_LITERAL_CONVERSION = YES;
				CLANG_WARN_OBJC_ROOT_CLASS = YES_ERROR;
				CLANG_WARN_RANGE_LOOP_ANALYSIS = YES;
				CLANG_WARN_STRICT_PROTOTYPES = YES;
				CLANG_WARN_SUSPICIOUS_MOVE = YES;
				CLANG_WARN_UNGUARDED_AVAILABILITY = YES_AGGRESSIVE;
				CLANG_WARN_UNREACHABLE_CODE = YES;
				CLANG_WARN__DUPLICATE_METHOD_MATCH = YES;
				CODE_SIGN_IDENTITY = "iPhone Developer";
				COPY_PHASE_STRIP = NO;
				DEBUG_INFORMATION_FORMAT = dwarf;
				ENABLE_STRICT_OBJC_MSGSEND = YES;
				ENABLE_TESTABILITY = YES;
				GCC_C_LANGUAGE_STANDARD = gnu11;
				GCC_DYNAMIC_NO_PIC = NO;
				GCC_NO_COMMON_BLOCKS = YES;
				GCC_OPTIMIZATION_LEVEL = 0;
				GCC_PREPROCESSOR_DEFINITIONS = (
					"DEBUG=1",
					"$(inherited)",
				);
				GCC_WARN_64_TO_32_BIT_CONVERSION = YES;
				GCC_WARN_ABOUT_RETURN_TYPE = YES_ERROR;
				GCC_WARN_UNDECLARED_SELECTOR = YES;
				GCC_WARN_UNINITIALIZED_AUTOS = YES_AGGRESSIVE;
				GCC_WARN_UNUSED_FUNCTION = YES;
				GCC_WARN_UNUSED_VARIABLE = YES;
				IPHONEOS_DEPLOYMENT_TARGET = 11.4;
				MTL_ENABLE_DEBUG_INFO = YES;
				ONLY_ACTIVE_ARCH = YES;
				SDKROOT = iphoneos;
				SWIFT_ACTIVE_COMPILATION_CONDITIONS = DEBUG;
				SWIFT_OPTIMIZATION_LEVEL = "-Onone";
			};
			name = Debug;
		};
		AA369082211ADDAE00040CA1 /* Release */ = {
			isa = XCBuildConfiguration;
			buildSettings = {
				ALWAYS_SEARCH_USER_PATHS = NO;
				CLANG_ANALYZER_NONNULL = YES;
				CLANG_ANALYZER_NUMBER_OBJECT_CONVERSION = YES_AGGRESSIVE;
				CLANG_CXX_LANGUAGE_STANDARD = "gnu++14";
				CLANG_CXX_LIBRARY = "libc++";
				CLANG_ENABLE_MODULES = YES;
				CLANG_ENABLE_OBJC_ARC = YES;
				CLANG_ENABLE_OBJC_WEAK = YES;
				CLANG_WARN_BLOCK_CAPTURE_AUTORELEASING = YES;
				CLANG_WARN_BOOL_CONVERSION = YES;
				CLANG_WARN_COMMA = YES;
				CLANG_WARN_CONSTANT_CONVERSION = YES;
				CLANG_WARN_DEPRECATED_OBJC_IMPLEMENTATIONS = YES;
				CLANG_WARN_DIRECT_OBJC_ISA_USAGE = YES_ERROR;
				CLANG_WARN_DOCUMENTATION_COMMENTS = YES;
				CLANG_WARN_EMPTY_BODY = YES;
				CLANG_WARN_ENUM_CONVERSION = YES;
				CLANG_WARN_INFINITE_RECURSION = YES;
				CLANG_WARN_INT_CONVERSION = YES;
				CLANG_WARN_NON_LITERAL_NULL_CONVERSION = YES;
				CLANG_WARN_OBJC_IMPLICIT_RETAIN_SELF = YES;
				CLANG_WARN_OBJC_LITERAL_CONVERSION = YES;
				CLANG_WARN_OBJC_ROOT_CLASS = YES_ERROR;
				CLANG_WARN_RANGE_LOOP_ANALYSIS = YES;
				CLANG_WARN_STRICT_PROTOTYPES = YES;
				CLANG_WARN_SUSPICIOUS_MOVE = YES;
				CLANG_WARN_UNGUARDED_AVAILABILITY = YES_AGGRESSIVE;
				CLANG_WARN_UNREACHABLE_CODE = YES;
				CLANG_WARN__DUPLICATE_METHOD_MATCH = YES;
				CODE_SIGN_IDENTITY = "iPhone Developer";
				COPY_PHASE_STRIP = NO;
				DEBUG_INFORMATION_FORMAT = "dwarf-with-dsym";
				ENABLE_NS_ASSERTIONS = NO;
				ENABLE_STRICT_OBJC_MSGSEND = YES;
				GCC_C_LANGUAGE_STANDARD = gnu11;
				GCC_NO_COMMON_BLOCKS = YES;
				GCC_WARN_64_TO_32_BIT_CONVERSION = YES;
				GCC_WARN_ABOUT_RETURN_TYPE = YES_ERROR;
				GCC_WARN_UNDECLARED_SELECTOR = YES;
				GCC_WARN_UNINITIALIZED_AUTOS = YES_AGGRESSIVE;
				GCC_WARN_UNUSED_FUNCTION = YES;
				GCC_WARN_UNUSED_VARIABLE = YES;
				IPHONEOS_DEPLOYMENT_TARGET = 11.4;
				MTL_ENABLE_DEBUG_INFO = NO;
				SDKROOT = iphoneos;
				SWIFT_COMPILATION_MODE = wholemodule;
				SWIFT_OPTIMIZATION_LEVEL = "-O";
				VALIDATE_PRODUCT = YES;
			};
			name = Release;
		};
		AA369084211ADDAE00040CA1 /* Debug */ = {
			isa = XCBuildConfiguration;
			baseConfigurationReference = 0E07D127F14D4DF9FDB3FBAD /* Pods-VideoPlayer.debug.xcconfig */;
			buildSettings = {
				ASSETCATALOG_COMPILER_APPICON_NAME = AppIcon;
				CODE_SIGN_STYLE = Manual;
				DEVELOPMENT_TEAM = 5VKELUV868;
				INFOPLIST_FILE = VideoPlayer/Info.plist;
				IPHONEOS_DEPLOYMENT_TARGET = 10.0;
				LD_RUNPATH_SEARCH_PATHS = (
					"$(inherited)",
					"@executable_path/Frameworks",
				);
				PRODUCT_BUNDLE_IDENTIFIER = com.36kr.VideoPlayer;
				PRODUCT_NAME = "$(TARGET_NAME)";
				PROVISIONING_PROFILE = "aaa91fe1-6023-4c58-981f-aec263ef5f81";
				PROVISIONING_PROFILE_SPECIFIER = "match Development *";
				SWIFT_OBJC_BRIDGING_HEADER = VideoPlayer/bridge.h;
				SWIFT_VERSION = 4.2;
				TARGETED_DEVICE_FAMILY = "1,2";
			};
			name = Debug;
		};
		AA369085211ADDAE00040CA1 /* Release */ = {
			isa = XCBuildConfiguration;
			baseConfigurationReference = 565F467E94E0419552C2CC22 /* Pods-VideoPlayer.release.xcconfig */;
			buildSettings = {
				ASSETCATALOG_COMPILER_APPICON_NAME = AppIcon;
				CODE_SIGN_STYLE = Manual;
				DEVELOPMENT_TEAM = "";
				INFOPLIST_FILE = VideoPlayer/Info.plist;
				IPHONEOS_DEPLOYMENT_TARGET = 10.0;
				LD_RUNPATH_SEARCH_PATHS = (
					"$(inherited)",
					"@executable_path/Frameworks",
				);
				PRODUCT_BUNDLE_IDENTIFIER = com.36kr.VideoPlayer;
				PRODUCT_NAME = "$(TARGET_NAME)";
				PROVISIONING_PROFILE_SPECIFIER = "";
				SWIFT_OBJC_BRIDGING_HEADER = VideoPlayer/bridge.h;
				SWIFT_VERSION = 4.2;
				TARGETED_DEVICE_FAMILY = "1,2";
			};
			name = Release;
		};
/* End XCBuildConfiguration section */

/* Begin XCConfigurationList section */
		AA36906C211ADDAB00040CA1 /* Build configuration list for PBXProject "VideoPlayer" */ = {
			isa = XCConfigurationList;
			buildConfigurations = (
				AA369081211ADDAE00040CA1 /* Debug */,
				AA369082211ADDAE00040CA1 /* Release */,
			);
			defaultConfigurationIsVisible = 0;
			defaultConfigurationName = Release;
		};
		AA369083211ADDAE00040CA1 /* Build configuration list for PBXNativeTarget "VideoPlayer" */ = {
			isa = XCConfigurationList;
			buildConfigurations = (
				AA369084211ADDAE00040CA1 /* Debug */,
				AA369085211ADDAE00040CA1 /* Release */,
			);
			defaultConfigurationIsVisible = 0;
			defaultConfigurationName = Release;
		};
/* End XCConfigurationList section */
	};
	rootObject = AA369069211ADDAB00040CA1 /* Project object */;
}
